{
  "object": {
    "pins": [
      {
        "package": "BSON",
        "repositoryURL": "https://github.com/OpenKitten/BSON.git",
        "state": {
          "branch": null,
          "revision": "eb4ff0def92e8a74aa44f9f927ebae5bc3a05f57",
          "version": "5.1.5"
        }
      },
      {
        "package": "Bits",
        "repositoryURL": "https://github.com/vapor/bits.git",
        "state": {
          "branch": null,
          "revision": "c32f5e6ae2007dccd21a92b7e33eba842dd80d2f",
          "version": "1.1.0"
        }
      },
      {
        "package": "Cheetah",
        "repositoryURL": "https://github.com/OpenKitten/Cheetah.git",
        "state": {
          "branch": null,
          "revision": "b7e3bf3de9fe487cd5f07ac67d57d8bf730cb0c7",
          "version": "1.0.3"
        }
      },
      {
        "package": "Core",
        "repositoryURL": "https://github.com/vapor/core.git",
        "state": {
          "branch": null,
          "revision": "f9f3a585ab0ea5764b46d7a36d9c0d9d508b9c63",
          "version": "2.2.0"
        }
      },
      {
        "package": "CryptoKitten",
        "repositoryURL": "https://github.com/OpenKitten/CryptoKitten.git",
        "state": {
          "branch": null,
          "revision": "bf7a4d6dbd6f4bbd96ae620101239446d2cdd3f9",
          "version": "0.2.3"
        }
      },
      {
        "package": "Debugging",
        "repositoryURL": "https://github.com/vapor/debugging.git",
        "state": {
          "branch": null,
          "revision": "49c5e8f0a7cb5456a8f7c72c6cd9f1553e5885a8",
          "version": "1.1.0"
        }
      },
      {
        "package": "Fluent",
        "repositoryURL": "https://github.com/vapor/fluent.git",
        "state": {
          "branch": null,
          "revision": "2c66e5c6c99dac19554e1cb8957e6de256009efc",
          "version": "2.4.2"
        }
      },
      {
        "package": "KittenCore",
        "repositoryURL": "https://github.com/OpenKitten/KittenCore.git",
        "state": {
          "branch": null,
          "revision": "ca1d4d3873a51dc24aba4f52df5a98d4401d2dcb",
          "version": "0.2.3"
        }
      },
      {
        "package": "MongoDriver",
        "repositoryURL": "https://github.com/vapor-community/mongo-driver.git",
        "state": {
          "branch": null,
          "revision": "a16f5d7d02a34cdbf1d7bbcbb4b5c28546642162",
          "version": "2.2.1"
        }
      },
      {
        "package": "MongoKitten",
        "repositoryURL": "https://github.com/OpenKitten/MongoKitten.git",
        "state": {
          "branch": null,
          "revision": "611b2b396d558cbe82b97c599bbc748c06611741",
          "version": "4.0.16"
        }
      },
      {
        "package": "Node",
        "repositoryURL": "https://github.com/vapor/node.git",
        "state": {
          "branch": null,
          "revision": "642f357d08ec5aa335ae2e3c4633c72da7b5a0c4",
          "version": "2.1.1"
        }
      },
      {
        "package": "Random",
        "repositoryURL": "https://github.com/vapor/random.git",
        "state": {
          "branch": null,
          "revision": "d7c4397d125caba795d14d956efacfe2a27a63d0",
          "version": "1.2.0"
        }
      },
      {
        "package": "SQLite",
        "repositoryURL": "https://github.com/vapor/sqlite.git",
        "state": {
          "branch": null,
          "revision": "9aceb6a0d7b1698a557647493bd78b030dad468b",
          "version": "2.3.1"
        }
      },
      {
        "package": "Schrodinger",
        "repositoryURL": "https://github.com/OpenKitten/Schrodinger.git",
        "state": {
          "branch": null,
          "revision": "d7030fe0a4a6eeddc02044650a8b409a4f57365a",
          "version": "1.0.1"
        }
      }
    ]
  },
  "version": 1
}
