// !$*UTF8*$!
{
	archiveVersion = 1;
	classes = {
	};
	objectVersion = 48;
	objects = {

/* Begin PBXBuildFile section */
		9238A0711FA3D08800BF9017 /* BaseTableViewController.swift in Sources */ = {isa = PBXBuildFile; fileRef = 9238A0701FA3D08800BF9017 /* BaseTableViewController.swift */; };
		9238A0731FA3D1EA00BF9017 /* ShoppingList.swift in Sources */ = {isa = PBXBuildFile; fileRef = 9238A0721FA3D1EA00BF9017 /* ShoppingList.swift */; };
		9238A0751FA3D96400BF9017 /* ShoppingListTableViewController.swift in Sources */ = {isa = PBXBuildFile; fileRef = 9238A0741FA3D96400BF9017 /* ShoppingListTableViewController.swift */; };
		928188381FE19B3900518AAD /* Request.swift in Sources */ = {isa = PBXBuildFile; fileRef = 928188371FE19B3900518AAD /* Request.swift */; };
		9284F090202250610000778E /* LoginViewController.swift in Sources */ = {isa = PBXBuildFile; fileRef = 9284F08F202250610000778E /* LoginViewController.swift */; };
		9284F092202254490000778E /* Token.swift in Sources */ = {isa = PBXBuildFile; fileRef = 9284F091202254490000778E /* Token.swift */; };
		92A4892D1F9920F200C6DE2B /* AppDelegate.swift in Sources */ = {isa = PBXBuildFile; fileRef = 92A4892C1F9920F200C6DE2B /* AppDelegate.swift */; };
		92A489321F9920F200C6DE2B /* Main.storyboard in Resources */ = {isa = PBXBuildFile; fileRef = 92A489301F9920F200C6DE2B /* Main.storyboard */; };
		92A489341F9920F200C6DE2B /* Assets.xcassets in Resources */ = {isa = PBXBuildFile; fileRef = 92A489331F9920F200C6DE2B /* Assets.xcassets */; };
		92A489371F9920F200C6DE2B /* LaunchScreen.storyboard in Resources */ = {isa = PBXBuildFile; fileRef = 92A489351F9920F200C6DE2B /* LaunchScreen.storyboard */; };
		92A489421F9921B900C6DE2B /* Item.swift in Sources */ = {isa = PBXBuildFile; fileRef = 92A489411F9921B900C6DE2B /* Item.swift */; };
		92A489451F99239100C6DE2B /* ItemTableViewController.swift in Sources */ = {isa = PBXBuildFile; fileRef = 92A489441F99239100C6DE2B /* ItemTableViewController.swift */; };
/* End PBXBuildFile section */

/* Begin PBXFileReference section */
		9238A0701FA3D08800BF9017 /* BaseTableViewController.swift */ = {isa = PBXFileReference; lastKnownFileType = sourcecode.swift; path = BaseTableViewController.swift; sourceTree = "<group>"; };
		9238A0721FA3D1EA00BF9017 /* ShoppingList.swift */ = {isa = PBXFileReference; lastKnownFileType = sourcecode.swift; path = ShoppingList.swift; sourceTree = "<group>"; };
		9238A0741FA3D96400BF9017 /* ShoppingListTableViewController.swift */ = {isa = PBXFileReference; lastKnownFileType = sourcecode.swift; path = ShoppingListTableViewController.swift; sourceTree = "<group>"; };
		928188371FE19B3900518AAD /* Request.swift */ = {isa = PBXFileReference; lastKnownFileType = sourcecode.swift; path = Request.swift; sourceTree = "<group>"; };
		9284F08F202250610000778E /* LoginViewController.swift */ = {isa = PBXFileReference; lastKnownFileType = sourcecode.swift; path = LoginViewController.swift; sourceTree = "<group>"; };
		9284F091202254490000778E /* Token.swift */ = {isa = PBXFileReference; lastKnownFileType = sourcecode.swift; path = Token.swift; sourceTree = "<group>"; };
		92A489291F9920F200C6DE2B /* ShoppingList.app */ = {isa = PBXFileReference; explicitFileType = wrapper.application; includeInIndex = 0; path = ShoppingList.app; sourceTree = BUILT_PRODUCTS_DIR; };
		92A4892C1F9920F200C6DE2B /* AppDelegate.swift */ = {isa = PBXFileReference; lastKnownFileType = sourcecode.swift; path = AppDelegate.swift; sourceTree = "<group>"; };
		92A489311F9920F200C6DE2B /* Base */ = {isa = PBXFileReference; lastKnownFileType = file.storyboard; name = Base; path = Base.lproj/Main.storyboard; sourceTree = "<group>"; };
		92A489331F9920F200C6DE2B /* Assets.xcassets */ = {isa = PBXFileReference; lastKnownFileType = folder.assetcatalog; path = Assets.xcassets; sourceTree = "<group>"; };
		92A489361F9920F200C6DE2B /* Base */ = {isa = PBXFileReference; lastKnownFileType = file.storyboard; name = Base; path = Base.lproj/LaunchScreen.storyboard; sourceTree = "<group>"; };
		92A489381F9920F200C6DE2B /* Info.plist */ = {isa = PBXFileReference; lastKnownFileType = text.plist.xml; path = Info.plist; sourceTree = "<group>"; };
		92A489411F9921B900C6DE2B /* Item.swift */ = {isa = PBXFileReference; lastKnownFileType = sourcecode.swift; path = Item.swift; sourceTree = "<group>"; };
		92A489441F99239100C6DE2B /* ItemTableViewController.swift */ = {isa = PBXFileReference; lastKnownFileType = sourcecode.swift; path = ItemTableViewController.swift; sourceTree = "<group>"; };
/* End PBXFileReference section */

/* Begin PBXFrameworksBuildPhase section */
		92A489261F9920F200C6DE2B /* Frameworks */ = {
			isa = PBXFrameworksBuildPhase;
			buildActionMask = 2147483647;
			files = (
			);
			runOnlyForDeploymentPostprocessing = 0;
		};
/* End PBXFrameworksBuildPhase section */

/* Begin PBXGroup section */
		928188361FE19B2E00518AAD /* Helpers */ = {
			isa = PBXGroup;
			children = (
				928188371FE19B3900518AAD /* Request.swift */,
			);
			path = Helpers;
			sourceTree = "<group>";
		};
		92A489201F9920F200C6DE2B = {
			isa = PBXGroup;
			children = (
				92A4892B1F9920F200C6DE2B /* ShoppingList */,
				92A4892A1F9920F200C6DE2B /* Products */,
			);
			sourceTree = "<group>";
		};
		92A4892A1F9920F200C6DE2B /* Products */ = {
			isa = PBXGroup;
			children = (
				92A489291F9920F200C6DE2B /* ShoppingList.app */,
			);
			name = Products;
			sourceTree = "<group>";
		};
		92A4892B1F9920F200C6DE2B /* ShoppingList */ = {
			isa = PBXGroup;
			children = (
				928188361FE19B2E00518AAD /* Helpers */,
				92A489431F99237C00C6DE2B /* Controllers */,
				92A4893E1F99211A00C6DE2B /* Models */,
				92A4892C1F9920F200C6DE2B /* AppDelegate.swift */,
				92A489301F9920F200C6DE2B /* Main.storyboard */,
				92A489331F9920F200C6DE2B /* Assets.xcassets */,
				92A489351F9920F200C6DE2B /* LaunchScreen.storyboard */,
				92A489381F9920F200C6DE2B /* Info.plist */,
			);
			path = ShoppingList;
			sourceTree = "<group>";
		};
		92A4893E1F99211A00C6DE2B /* Models */ = {
			isa = PBXGroup;
			children = (
				92A489411F9921B900C6DE2B /* Item.swift */,
				9238A0721FA3D1EA00BF9017 /* ShoppingList.swift */,
				9284F091202254490000778E /* Token.swift */,
			);
			path = Models;
			sourceTree = "<group>";
		};
		92A489431F99237C00C6DE2B /* Controllers */ = {
			isa = PBXGroup;
			children = (
				92A489441F99239100C6DE2B /* ItemTableViewController.swift */,
				9238A0701FA3D08800BF9017 /* BaseTableViewController.swift */,
				9238A0741FA3D96400BF9017 /* ShoppingListTableViewController.swift */,
				9284F08F202250610000778E /* LoginViewController.swift */,
			);
			path = Controllers;
			sourceTree = "<group>";
		};
/* End PBXGroup section */

/* Begin PBXNativeTarget section */
		92A489281F9920F200C6DE2B /* ShoppingList */ = {
			isa = PBXNativeTarget;
			buildConfigurationList = 92A4893B1F9920F200C6DE2B /* Build configuration list for PBXNativeTarget "ShoppingList" */;
			buildPhases = (
				92A489251F9920F200C6DE2B /* Sources */,
				92A489261F9920F200C6DE2B /* Frameworks */,
				92A489271F9920F200C6DE2B /* Resources */,
			);
			buildRules = (
			);
			dependencies = (
			);
			name = ShoppingList;
			productName = ShoppingList;
			productReference = 92A489291F9920F200C6DE2B /* ShoppingList.app */;
			productType = "com.apple.product-type.application";
		};
/* End PBXNativeTarget section */

/* Begin PBXProject section */
		92A489211F9920F200C6DE2B /* Project object */ = {
			isa = PBXProject;
			attributes = {
				LastSwiftUpdateCheck = 0900;
				LastUpgradeCheck = 0900;
				ORGANIZATIONNAME = "Encore Dev Labs LLC";
				TargetAttributes = {
					92A489281F9920F200C6DE2B = {
						CreatedOnToolsVersion = 9.0;
						ProvisioningStyle = Automatic;
					};
				};
			};
			buildConfigurationList = 92A489241F9920F200C6DE2B /* Build configuration list for PBXProject "ShoppingList" */;
			compatibilityVersion = "Xcode 8.0";
			developmentRegion = en;
			hasScannedForEncodings = 0;
			knownRegions = (
				en,
				Base,
			);
			mainGroup = 92A489201F9920F200C6DE2B;
			productRefGroup = 92A4892A1F9920F200C6DE2B /* Products */;
			projectDirPath = "";
			projectRoot = "";
			targets = (
				92A489281F9920F200C6DE2B /* ShoppingList */,
			);
		};
/* End PBXProject section */

/* Begin PBXResourcesBuildPhase section */
		92A489271F9920F200C6DE2B /* Resources */ = {
			isa = PBXResourcesBuildPhase;
			buildActionMask = 2147483647;
			files = (
				92A489371F9920F200C6DE2B /* LaunchScreen.storyboard in Resources */,
				92A489341F9920F200C6DE2B /* Assets.xcassets in Resources */,
				92A489321F9920F200C6DE2B /* Main.storyboard in Resources */,
			);
			runOnlyForDeploymentPostprocessing = 0;
		};
/* End PBXResourcesBuildPhase section */

/* Begin PBXSourcesBuildPhase section */
		92A489251F9920F200C6DE2B /* Sources */ = {
			isa = PBXSourcesBuildPhase;
			buildActionMask = 2147483647;
			files = (
				9284F092202254490000778E /* Token.swift in Sources */,
				92A489421F9921B900C6DE2B /* Item.swift in Sources */,
				92A489451F99239100C6DE2B /* ItemTableViewController.swift in Sources */,
				928188381FE19B3900518AAD /* Request.swift in Sources */,
				9238A0731FA3D1EA00BF9017 /* ShoppingList.swift in Sources */,
				9284F090202250610000778E /* LoginViewController.swift in Sources */,
				9238A0711FA3D08800BF9017 /* BaseTableViewController.swift in Sources */,
				92A4892D1F9920F200C6DE2B /* AppDelegate.swift in Sources */,
				9238A0751FA3D96400BF9017 /* ShoppingListTableViewController.swift in Sources */,
			);
			runOnlyForDeploymentPostprocessing = 0;
		};
/* End PBXSourcesBuildPhase section */

/* Begin PBXVariantGroup section */
		92A489301F9920F200C6DE2B /* Main.storyboard */ = {
			isa = PBXVariantGroup;
			children = (
				92A489311F9920F200C6DE2B /* Base */,
			);
			name = Main.storyboard;
			sourceTree = "<group>";
		};
		92A489351F9920F200C6DE2B /* LaunchScreen.storyboard */ = {
			isa = PBXVariantGroup;
			children = (
				92A489361F9920F200C6DE2B /* Base */,
			);
			name = LaunchScreen.storyboard;
			sourceTree = "<group>";
		};
/* End PBXVariantGroup section */

/* Begin XCBuildConfiguration section */
		92A489391F9920F200C6DE2B /* Debug */ = {
			isa = XCBuildConfiguration;
			buildSettings = {
				ALWAYS_SEARCH_USER_PATHS = NO;
				CLANG_ANALYZER_NONNULL = YES;
				CLANG_ANALYZER_NUMBER_OBJECT_CONVERSION = YES_AGGRESSIVE;
				CLANG_CXX_LANGUAGE_STANDARD = "gnu++14";
				CLANG_CXX_LIBRARY = "libc++";
				CLANG_ENABLE_MODULES = YES;
				CLANG_ENABLE_OBJC_ARC = YES;
				CLANG_WARN_BLOCK_CAPTURE_AUTORELEASING = YES;
				CLANG_WARN_BOOL_CONVERSION = YES;
				CLANG_WARN_COMMA = YES;
				CLANG_WARN_CONSTANT_CONVERSION = YES;
				CLANG_WARN_DIRECT_OBJC_ISA_USAGE = YES_ERROR;
				CLANG_WARN_DOCUMENTATION_COMMENTS = YES;
				CLANG_WARN_EMPTY_BODY = YES;
				CLANG_WARN_ENUM_CONVERSION = YES;
				CLANG_WARN_INFINITE_RECURSION = YES;
				CLANG_WARN_INT_CONVERSION = YES;
				CLANG_WARN_NON_LITERAL_NULL_CONVERSION = YES;
				CLANG_WARN_OBJC_LITERAL_CONVERSION = YES;
				CLANG_WARN_OBJC_ROOT_CLASS = YES_ERROR;
				CLANG_WARN_RANGE_LOOP_ANALYSIS = YES;
				CLANG_WARN_STRICT_PROTOTYPES = YES;
				CLANG_WARN_SUSPICIOUS_MOVE = YES;
				CLANG_WARN_UNGUARDED_AVAILABILITY = YES_AGGRESSIVE;
				CLANG_WARN_UNREACHABLE_CODE = YES;
				CLANG_WARN__DUPLICATE_METHOD_MATCH = YES;
				CODE_SIGN_IDENTITY = "iPhone Developer";
				COPY_PHASE_STRIP = NO;
				DEBUG_INFORMATION_FORMAT = dwarf;
				ENABLE_STRICT_OBJC_MSGSEND = YES;
				ENABLE_TESTABILITY = YES;
				GCC_C_LANGUAGE_STANDARD = gnu11;
				GCC_DYNAMIC_NO_PIC = NO;
				GCC_NO_COMMON_BLOCKS = YES;
				GCC_OPTIMIZATION_LEVEL = 0;
				GCC_PREPROCESSOR_DEFINITIONS = (
					"DEBUG=1",
					"$(inherited)",
				);
				GCC_WARN_64_TO_32_BIT_CONVERSION = YES;
				GCC_WARN_ABOUT_RETURN_TYPE = YES_ERROR;
				GCC_WARN_UNDECLARED_SELECTOR = YES;
				GCC_WARN_UNINITIALIZED_AUTOS = YES_AGGRESSIVE;
				GCC_WARN_UNUSED_FUNCTION = YES;
				GCC_WARN_UNUSED_VARIABLE = YES;
				IPHONEOS_DEPLOYMENT_TARGET = 11.0;
				MTL_ENABLE_DEBUG_INFO = YES;
				ONLY_ACTIVE_ARCH = YES;
				SDKROOT = iphoneos;
				SWIFT_ACTIVE_COMPILATION_CONDITIONS = DEBUG;
				SWIFT_OPTIMIZATION_LEVEL = "-Onone";
			};
			name = Debug;
		};
		92A4893A1F9920F200C6DE2B /* Release */ = {
			isa = XCBuildConfiguration;
			buildSettings = {
				ALWAYS_SEARCH_USER_PATHS = NO;
				CLANG_ANALYZER_NONNULL = YES;
				CLANG_ANALYZER_NUMBER_OBJECT_CONVERSION = YES_AGGRESSIVE;
				CLANG_CXX_LANGUAGE_STANDARD = "gnu++14";
				CLANG_CXX_LIBRARY = "libc++";
				CLANG_ENABLE_MODULES = YES;
				CLANG_ENABLE_OBJC_ARC = YES;
				CLANG_WARN_BLOCK_CAPTURE_AUTORELEASING = YES;
				CLANG_WARN_BOOL_CONVERSION = YES;
				CLANG_WARN_COMMA = YES;
				CLANG_WARN_CONSTANT_CONVERSION = YES;
				CLANG_WARN_DIRECT_OBJC_ISA_USAGE = YES_ERROR;
				CLANG_WARN_DOCUMENTATION_COMMENTS = YES;
				CLANG_WARN_EMPTY_BODY = YES;
				CLANG_WARN_ENUM_CONVERSION = YES;
				CLANG_WARN_INFINITE_RECURSION = YES;
				CLANG_WARN_INT_CONVERSION = YES;
				CLANG_WARN_NON_LITERAL_NULL_CONVERSION = YES;
				CLANG_WARN_OBJC_LITERAL_CONVERSION = YES;
				CLANG_WARN_OBJC_ROOT_CLASS = YES_ERROR;
				CLANG_WARN_RANGE_LOOP_ANALYSIS = YES;
				CLANG_WARN_STRICT_PROTOTYPES = YES;
				CLANG_WARN_SUSPICIOUS_MOVE = YES;
				CLANG_WARN_UNGUARDED_AVAILABILITY = YES_AGGRESSIVE;
				CLANG_WARN_UNREACHABLE_CODE = YES;
				CLANG_WARN__DUPLICATE_METHOD_MATCH = YES;
				CODE_SIGN_IDENTITY = "iPhone Developer";
				COPY_PHASE_STRIP = NO;
				DEBUG_INFORMATION_FORMAT = "dwarf-with-dsym";
				ENABLE_NS_ASSERTIONS = NO;
				ENABLE_STRICT_OBJC_MSGSEND = YES;
				GCC_C_LANGUAGE_STANDARD = gnu11;
				GCC_NO_COMMON_BLOCKS = YES;
				GCC_WARN_64_TO_32_BIT_CONVERSION = YES;
				GCC_WARN_ABOUT_RETURN_TYPE = YES_ERROR;
				GCC_WARN_UNDECLARED_SELECTOR = YES;
				GCC_WARN_UNINITIALIZED_AUTOS = YES_AGGRESSIVE;
				GCC_WARN_UNUSED_FUNCTION = YES;
				GCC_WARN_UNUSED_VARIABLE = YES;
				IPHONEOS_DEPLOYMENT_TARGET = 11.0;
				MTL_ENABLE_DEBUG_INFO = NO;
				SDKROOT = iphoneos;
				SWIFT_OPTIMIZATION_LEVEL = "-Owholemodule";
				VALIDATE_PRODUCT = YES;
			};
			name = Release;
		};
		92A4893C1F9920F200C6DE2B /* Debug */ = {
			isa = XCBuildConfiguration;
			buildSettings = {
				ASSETCATALOG_COMPILER_APPICON_NAME = AppIcon;
				CODE_SIGN_STYLE = Automatic;
				DEVELOPMENT_TEAM = 38KBGXJ48U;
				INFOPLIST_FILE = ShoppingList/Info.plist;
				LD_RUNPATH_SEARCH_PATHS = "$(inherited) @executable_path/Frameworks";
				PRODUCT_BUNDLE_IDENTIFIER = com.encoredevlabs.ShoppingList;
				PRODUCT_NAME = "$(TARGET_NAME)";
				SWIFT_VERSION = 4.0;
				TARGETED_DEVICE_FAMILY = "1,2";
			};
			name = Debug;
		};
		92A4893D1F9920F200C6DE2B /* Release */ = {
			isa = XCBuildConfiguration;
			buildSettings = {
				ASSETCATALOG_COMPILER_APPICON_NAME = AppIcon;
				CODE_SIGN_STYLE = Automatic;
				DEVELOPMENT_TEAM = 38KBGXJ48U;
				INFOPLIST_FILE = ShoppingList/Info.plist;
				LD_RUNPATH_SEARCH_PATHS = "$(inherited) @executable_path/Frameworks";
				PRODUCT_BUNDLE_IDENTIFIER = com.encoredevlabs.ShoppingList;
				PRODUCT_NAME = "$(TARGET_NAME)";
				SWIFT_VERSION = 4.0;
				TARGETED_DEVICE_FAMILY = "1,2";
			};
			name = Release;
		};
/* End XCBuildConfiguration section */

/* Begin XCConfigurationList section */
		92A489241F9920F200C6DE2B /* Build configuration list for PBXProject "ShoppingList" */ = {
			isa = XCConfigurationList;
			buildConfigurations = (
				92A489391F9920F200C6DE2B /* Debug */,
				92A4893A1F9920F200C6DE2B /* Release */,
			);
			defaultConfigurationIsVisible = 0;
			defaultConfigurationName = Release;
		};
		92A4893B1F9920F200C6DE2B /* Build configuration list for PBXNativeTarget "ShoppingList" */ = {
			isa = XCConfigurationList;
			buildConfigurations = (
				92A4893C1F9920F200C6DE2B /* Debug */,
				92A4893D1F9920F200C6DE2B /* Release */,
			);
			defaultConfigurationIsVisible = 0;
			defaultConfigurationName = Release;
		};
/* End XCConfigurationList section */
	};
	rootObject = 92A489211F9920F200C6DE2B /* Project object */;
}
